<?xml version="1.0" encoding="utf-8"?>
<Project ToolsVersion="4.0" xmlns="http://schemas.microsoft.com/developer/msbuild/2003">
  <ItemGroup>
    <Filter Include="Source Files">
      <UniqueIdentifier>{4FC737F1-C7A5-4376-A066-2A32D752A2FF}</UniqueIdentifier>
      <Extensions>cpp;c;cc;cxx;def;odl;idl;hpj;bat;asm;asmx</Extensions>
    </Filter>
    <Filter Include="Header Files">
      <UniqueIdentifier>{168907ba-439a-4385-8cd2-d1dc4bbec5aa}</UniqueIdentifier>
    </Filter>
  </ItemGroup>
  <ItemGroup>
    <ClCompile Include="g1050.c">
      <Filter>Source Files</Filter>
    </ClCompile>
    <ClCompile Include="line_model.c">
      <Filter>Source Files</Filter>
    </ClCompile>
    <ClCompile Include="rfc2198_sim.c">
      <Filter>Source Files</Filter>
    </ClCompile>
    <ClCompile Include="test_utils.c">
      <Filter>Source Files</Filter>
    </ClCompile>
  </ItemGroup>
  <ItemGroup>
    <ClInclude Include="spandsp\g1050.h">
      <Filter>Header Files</Filter>
    </ClInclude>
    <ClInclude Include="spandsp\line_model.h">
      <Filter>Header Files</Filter>
    </ClInclude>
    <ClInclude Include="spandsp\line_models.h">
      <Filter>Header Files</Filter>
    </ClInclude>
    <ClInclude Include="spandsp\rfc2198_sim.h">
      <Filter>Header Files</Filter>
    </ClInclude>
    <ClInclude Include="spandsp\test_utils.h">
      <Filter>Header Files</Filter>
    </ClInclude>
    <ClInclude Include="spandsp-sim.h">
      <Filter>Header Files</Filter>
    </ClInclude>
  </ItemGroup>
</Project>